
Microsoft Visual Studio Solution File, Format Version 12.00
# Visual Studio Version 17
VisualStudioVersion = 17.7.34221.43
MinimumVisualStudioVersion = 10.0.40219.1
Project("{FAE04EC0-301F-11D3-BF4B-00C04F79EFBC}") = "L13_consoleMenu", "L13_consoleMenu.csproj", "{397B7115-25FF-4922-924F-630BE50AF584}"
EndProject
Global
	GlobalSection(SolutionConfigurationPlatforms) = preSolution
		Debug|Any CPU = Debug|Any CPU
		Release|Any CPU = Release|Any CPU
	EndGlobalSection
	GlobalSection(ProjectConfigurationPlatforms) = postSolution
		{397B7115-25FF-4922-924F-630BE50AF584}.Debug|Any CPU.ActiveCfg = Debug|Any CPU
		{397B7115-25FF-4922-924F-630BE50AF584}.Debug|Any CPU.Build.0 = Debug|Any CPU
		{397B7115-25FF-4922-924F-630BE50AF584}.Release|Any CPU.ActiveCfg = Release|Any CPU
		{397B7115-25FF-4922-924F-630BE50AF584}.Release|Any CPU.Build.0 = Release|Any CPU
	EndGlobalSection
	GlobalSection(SolutionProperties) = preSolution
		HideSolutionNode = FALSE
	EndGlobalSection
	GlobalSection(ExtensibilityGlobals) = postSolution
		SolutionGuid = {F21BB955-AD50-4D7F-AE68-E8C4E663A0AE}
	EndGlobalSection
EndGlobal
